
Microsoft Visual Studio Solution File, Format Version 12.00
# Visual Studio Version 16
VisualStudioVersion = 16.0.31911.196
MinimumVisualStudioVersion = 10.0.40219.1
Project("{FAE04EC0-301F-11D3-BF4B-00C04F79EFBC}") = "MongoMusicAPI", "MongoMusicAPI.csproj", "{6952A59F-18D3-435F-B73E-895AE23E5FAF}"
EndProject
Global
	GlobalSection(SolutionConfigurationPlatforms) = preSolution
		Debug|Any CPU = Debug|Any CPU
		Release|Any CPU = Release|Any CPU
	EndGlobalSection
	GlobalSection(ProjectConfigurationPlatforms) = postSolution
		{6952A59F-18D3-435F-B73E-895AE23E5FAF}.Debug|Any CPU.ActiveCfg = Debug|Any CPU
		{6952A59F-18D3-435F-B73E-895AE23E5FAF}.Debug|Any CPU.Build.0 = Debug|Any CPU
		{6952A59F-18D3-435F-B73E-895AE23E5FAF}.Release|Any CPU.ActiveCfg = Release|Any CPU
		{6952A59F-18D3-435F-B73E-895AE23E5FAF}.Release|Any CPU.Build.0 = Release|Any CPU
	EndGlobalSection
	GlobalSection(SolutionProperties) = preSolution
		HideSolutionNode = FALSE
	EndGlobalSection
	GlobalSection(ExtensibilityGlobals) = postSolution
		SolutionGuid = {E6C4B617-E4A4-4962-980E-3B630C3AE946}
	EndGlobalSection
EndGlobal
